
Microsoft Visual Studio Solution File, Format Version 12.00
# Visual Studio Version 16
VisualStudioVersion = 16.0.31911.196
MinimumVisualStudioVersion = 10.0.40219.1
Project("{FAE04EC0-301F-11D3-BF4B-00C04F79EFBC}") = "Chapter12Q8", "Chapter12Q8\Chapter12Q8.csproj", "{B0EC6F9B-3595-4E44-9D37-250F2EA69BD2}"
EndProject
Global
	GlobalSection(SolutionConfigurationPlatforms) = preSolution
		Debug|Any CPU = Debug|Any CPU
		Release|Any CPU = Release|Any CPU
	EndGlobalSection
	GlobalSection(ProjectConfigurationPlatforms) = postSolution
		{B0EC6F9B-3595-4E44-9D37-250F2EA69BD2}.Debug|Any CPU.ActiveCfg = Debug|Any CPU
		{B0EC6F9B-3595-4E44-9D37-250F2EA69BD2}.Debug|Any CPU.Build.0 = Debug|Any CPU
		{B0EC6F9B-3595-4E44-9D37-250F2EA69BD2}.Release|Any CPU.ActiveCfg = Release|Any CPU
		{B0EC6F9B-3595-4E44-9D37-250F2EA69BD2}.Release|Any CPU.Build.0 = Release|Any CPU
	EndGlobalSection
	GlobalSection(SolutionProperties) = preSolution
		HideSolutionNode = FALSE
	EndGlobalSection
	GlobalSection(ExtensibilityGlobals) = postSolution
		SolutionGuid = {DABC32D3-3080-424E-A8CA-4EEC38D664E1}
	EndGlobalSection
EndGlobal
