
Microsoft Visual Studio Solution File, Format Version 12.00
# Visual Studio Version 16
VisualStudioVersion = 16.0.31911.196
MinimumVisualStudioVersion = 10.0.40219.1
Project("{FAE04EC0-301F-11D3-BF4B-00C04F79EFBC}") = "Chapter11Q7", "Chapter11Q7\Chapter11Q7.csproj", "{DDEA3D16-855F-4A78-A999-AA8D8B5F4287}"
EndProject
Global
	GlobalSection(SolutionConfigurationPlatforms) = preSolution
		Debug|Any CPU = Debug|Any CPU
		Release|Any CPU = Release|Any CPU
	EndGlobalSection
	GlobalSection(ProjectConfigurationPlatforms) = postSolution
		{DDEA3D16-855F-4A78-A999-AA8D8B5F4287}.Debug|Any CPU.ActiveCfg = Debug|Any CPU
		{DDEA3D16-855F-4A78-A999-AA8D8B5F4287}.Debug|Any CPU.Build.0 = Debug|Any CPU
		{DDEA3D16-855F-4A78-A999-AA8D8B5F4287}.Release|Any CPU.ActiveCfg = Release|Any CPU
		{DDEA3D16-855F-4A78-A999-AA8D8B5F4287}.Release|Any CPU.Build.0 = Release|Any CPU
	EndGlobalSection
	GlobalSection(SolutionProperties) = preSolution
		HideSolutionNode = FALSE
	EndGlobalSection
	GlobalSection(ExtensibilityGlobals) = postSolution
		SolutionGuid = {3D6975B5-B5D4-4019-8073-644686576982}
	EndGlobalSection
EndGlobal
