
Microsoft Visual Studio Solution File, Format Version 12.00
# Visual Studio Version 16
VisualStudioVersion = 16.0.31911.196
MinimumVisualStudioVersion = 10.0.40219.1
Project("{FAE04EC0-301F-11D3-BF4B-00C04F79EFBC}") = "Chapter12Q9", "Chapter12Q9\Chapter12Q9.csproj", "{2B8A264D-9ADB-4E00-9FDB-9C866FA16C51}"
EndProject
Global
	GlobalSection(SolutionConfigurationPlatforms) = preSolution
		Debug|Any CPU = Debug|Any CPU
		Release|Any CPU = Release|Any CPU
	EndGlobalSection
	GlobalSection(ProjectConfigurationPlatforms) = postSolution
		{2B8A264D-9ADB-4E00-9FDB-9C866FA16C51}.Debug|Any CPU.ActiveCfg = Debug|Any CPU
		{2B8A264D-9ADB-4E00-9FDB-9C866FA16C51}.Debug|Any CPU.Build.0 = Debug|Any CPU
		{2B8A264D-9ADB-4E00-9FDB-9C866FA16C51}.Release|Any CPU.ActiveCfg = Release|Any CPU
		{2B8A264D-9ADB-4E00-9FDB-9C866FA16C51}.Release|Any CPU.Build.0 = Release|Any CPU
	EndGlobalSection
	GlobalSection(SolutionProperties) = preSolution
		HideSolutionNode = FALSE
	EndGlobalSection
	GlobalSection(ExtensibilityGlobals) = postSolution
		SolutionGuid = {86732DBA-57CD-4127-A10D-3CC02E2DEA21}
	EndGlobalSection
EndGlobal
